
Microsoft Visual Studio Solution File, Format Version 12.00
# Visual Studio Version 17
VisualStudioVersion = 17.1.32228.430
MinimumVisualStudioVersion = 10.0.40219.1
Project("{9A19103F-16F7-4668-BE54-9A1E7A4F7556}") = "HomeLab.CookBook.Domain", "HomeLab.CookBook.Domain\HomeLab.CookBook.Domain.csproj", "{27A0F2FA-F84F-41BE-84D7-54AA4CA17F82}"
EndProject
Project("{9A19103F-16F7-4668-BE54-9A1E7A4F7556}") = "HomeLab.CookBook.Services", "HomeLab.CookBook.Services\HomeLab.CookBook.Services.csproj", "{9174C39F-E528-4807-A853-71F23236B8D7}"
EndProject
Project("{9A19103F-16F7-4668-BE54-9A1E7A4F7556}") = "HomeLab.CookBook.EF", "HomeLab.CookBook.EF\HomeLab.CookBook.EF.csproj", "{BEDB6D87-810C-4E86-9028-625816378A1D}"
EndProject
Project("{9A19103F-16F7-4668-BE54-9A1E7A4F7556}") = "HomeLab.CookBook.Api", "HomeLab.CookBook.Api\HomeLab.CookBook.Api.csproj", "{24FD2536-94D5-40E5-A34A-D42B9EADF74E}"
EndProject
Project("{2150E333-8FDC-42A3-9474-1A3956D46DE8}") = "Solution Items", "Solution Items", "{4840C764-9FE7-4EA3-80F2-C0B98383F5C1}"
	ProjectSection(SolutionItems) = preProject
		.editorconfig = .editorconfig
		Dockerfile = Dockerfile
	EndProjectSection
EndProject
Project("{9A19103F-16F7-4668-BE54-9A1E7A4F7556}") = "HomeLab.CookBook.Services.Tests", "Tests\HomeLab.CookBook.Services.Tests\HomeLab.CookBook.Services.Tests.csproj", "{D7601A6E-7087-4ED0-9013-3559B62AA487}"
EndProject
Global
	GlobalSection(SolutionConfigurationPlatforms) = preSolution
		Debug|Any CPU = Debug|Any CPU
		Release|Any CPU = Release|Any CPU
	EndGlobalSection
	GlobalSection(ProjectConfigurationPlatforms) = postSolution
		{27A0F2FA-F84F-41BE-84D7-54AA4CA17F82}.Debug|Any CPU.ActiveCfg = Debug|Any CPU
		{27A0F2FA-F84F-41BE-84D7-54AA4CA17F82}.Debug|Any CPU.Build.0 = Debug|Any CPU
		{27A0F2FA-F84F-41BE-84D7-54AA4CA17F82}.Release|Any CPU.ActiveCfg = Release|Any CPU
		{27A0F2FA-F84F-41BE-84D7-54AA4CA17F82}.Release|Any CPU.Build.0 = Release|Any CPU
		{9174C39F-E528-4807-A853-71F23236B8D7}.Debug|Any CPU.ActiveCfg = Debug|Any CPU
		{9174C39F-E528-4807-A853-71F23236B8D7}.Debug|Any CPU.Build.0 = Debug|Any CPU
		{9174C39F-E528-4807-A853-71F23236B8D7}.Release|Any CPU.ActiveCfg = Release|Any CPU
		{9174C39F-E528-4807-A853-71F23236B8D7}.Release|Any CPU.Build.0 = Release|Any CPU
		{BEDB6D87-810C-4E86-9028-625816378A1D}.Debug|Any CPU.ActiveCfg = Debug|Any CPU
		{BEDB6D87-810C-4E86-9028-625816378A1D}.Debug|Any CPU.Build.0 = Debug|Any CPU
		{BEDB6D87-810C-4E86-9028-625816378A1D}.Release|Any CPU.ActiveCfg = Release|Any CPU
		{BEDB6D87-810C-4E86-9028-625816378A1D}.Release|Any CPU.Build.0 = Release|Any CPU
		{24FD2536-94D5-40E5-A34A-D42B9EADF74E}.Debug|Any CPU.ActiveCfg = Debug|Any CPU
		{24FD2536-94D5-40E5-A34A-D42B9EADF74E}.Debug|Any CPU.Build.0 = Debug|Any CPU
		{24FD2536-94D5-40E5-A34A-D42B9EADF74E}.Release|Any CPU.ActiveCfg = Release|Any CPU
		{24FD2536-94D5-40E5-A34A-D42B9EADF74E}.Release|Any CPU.Build.0 = Release|Any CPU
		{D7601A6E-7087-4ED0-9013-3559B62AA487}.Debug|Any CPU.ActiveCfg = Debug|Any CPU
		{D7601A6E-7087-4ED0-9013-3559B62AA487}.Debug|Any CPU.Build.0 = Debug|Any CPU
		{D7601A6E-7087-4ED0-9013-3559B62AA487}.Release|Any CPU.ActiveCfg = Release|Any CPU
		{D7601A6E-7087-4ED0-9013-3559B62AA487}.Release|Any CPU.Build.0 = Release|Any CPU
	EndGlobalSection
	GlobalSection(SolutionProperties) = preSolution
		HideSolutionNode = FALSE
	EndGlobalSection
	GlobalSection(ExtensibilityGlobals) = postSolution
		SolutionGuid = {BAEB541D-ECA3-4FAF-A9BF-6E6B578E46CD}
	EndGlobalSection
EndGlobal
